// !$*UTF8*$!
{
	archiveVersion = 1;
	classes = {
	};
	objectVersion = 50;
	objects = {

/* Begin PBXBuildFile section */
		040E23E72362433A0003E6D2 /* Constants.swift in Sources */ = {isa = PBXBuildFile; fileRef = 040E23E62362433A0003E6D2 /* Constants.swift */; };
		040FA38C2360E7BA00563D1E /* HttpRequestType.swift in Sources */ = {isa = PBXBuildFile; fileRef = 040FA38B2360E7BA00563D1E /* HttpRequestType.swift */; };
		040FA38E2360E8C500563D1E /* CustomError.swift in Sources */ = {isa = PBXBuildFile; fileRef = 040FA38D2360E8C500563D1E /* CustomError.swift */; };
		040FA3902360EA9300563D1E /* HttpResponse.swift in Sources */ = {isa = PBXBuildFile; fileRef = 040FA38F2360EA9300563D1E /* HttpResponse.swift */; };
		040FA3922360EC0500563D1E /* RestEntity.swift in Sources */ = {isa = PBXBuildFile; fileRef = 040FA3912360EC0500563D1E /* RestEntity.swift */; };
		040FA3942360EE0800563D1E /* HttpResults.swift in Sources */ = {isa = PBXBuildFile; fileRef = 040FA3932360EE0800563D1E /* HttpResults.swift */; };
		040FA3962360F43C00563D1E /* LoginSuccess.swift in Sources */ = {isa = PBXBuildFile; fileRef = 040FA3952360F43C00563D1E /* LoginSuccess.swift */; };
		040FA3982360F51800563D1E /* InvestorProducts.swift in Sources */ = {isa = PBXBuildFile; fileRef = 040FA3972360F51800563D1E /* InvestorProducts.swift */; };
		040FA39A2360F53300563D1E /* Moneybox.swift in Sources */ = {isa = PBXBuildFile; fileRef = 040FA3992360F53300563D1E /* Moneybox.swift */; };
		04AB44BE2358FCEE0044B7EA /* ProductViewController.swift in Sources */ = {isa = PBXBuildFile; fileRef = 04AB44BD2358FCEE0044B7EA /* ProductViewController.swift */; };
		04CECCBE236341550027D6B2 /* DecodeUtil.swift in Sources */ = {isa = PBXBuildFile; fileRef = 04CECCBD236341550027D6B2 /* DecodeUtil.swift */; };
		04DFE5472354EADA00DF0F30 /* AppDelegate.swift in Sources */ = {isa = PBXBuildFile; fileRef = 04DFE5462354EADA00DF0F30 /* AppDelegate.swift */; };
		04DFE5492354EADA00DF0F30 /* SceneDelegate.swift in Sources */ = {isa = PBXBuildFile; fileRef = 04DFE5482354EADA00DF0F30 /* SceneDelegate.swift */; };
		04DFE54B2354EADA00DF0F30 /* LoginController.swift in Sources */ = {isa = PBXBuildFile; fileRef = 04DFE54A2354EADA00DF0F30 /* LoginController.swift */; };
		04DFE54E2354EADA00DF0F30 /* Main.storyboard in Resources */ = {isa = PBXBuildFile; fileRef = 04DFE54C2354EADA00DF0F30 /* Main.storyboard */; };
		04DFE5502354EADB00DF0F30 /* Assets.xcassets in Resources */ = {isa = PBXBuildFile; fileRef = 04DFE54F2354EADB00DF0F30 /* Assets.xcassets */; };
		04DFE5532354EADB00DF0F30 /* LaunchScreen.storyboard in Resources */ = {isa = PBXBuildFile; fileRef = 04DFE5512354EADB00DF0F30 /* LaunchScreen.storyboard */; };
		04DFE55B2354EB9B00DF0F30 /* RestService.swift in Sources */ = {isa = PBXBuildFile; fileRef = 04DFE55A2354EB9B00DF0F30 /* RestService.swift */; };
		04DFE55D2354FF7300DF0F30 /* ErrorMessage.swift in Sources */ = {isa = PBXBuildFile; fileRef = 04DFE55C2354FF7300DF0F30 /* ErrorMessage.swift */; };
		04F43669235788C300377BD4 /* ProductTableViewCell.swift in Sources */ = {isa = PBXBuildFile; fileRef = 04F43668235788C300377BD4 /* ProductTableViewCell.swift */; };
		04F4366B235790EA00377BD4 /* ProductTableViewController.swift in Sources */ = {isa = PBXBuildFile; fileRef = 04F4366A235790EA00377BD4 /* ProductTableViewController.swift */; };
		04FBBE30236357AE00D0EDDD /* DecoderTests.swift in Sources */ = {isa = PBXBuildFile; fileRef = 04FBBE2F236357AE00D0EDDD /* DecoderTests.swift */; };
		04FBBE3823635CC000D0EDDD /* HttpModels.swift in Sources */ = {isa = PBXBuildFile; fileRef = 04FBBE3723635CC000D0EDDD /* HttpModels.swift */; };
		834244DEE5FC1832C9F2CC38 /* Pods_Moneybox.framework in Frameworks */ = {isa = PBXBuildFile; fileRef = 99674677BF90DE5AC9DCE7A9 /* Pods_Moneybox.framework */; };
/* End PBXBuildFile section */

/* Begin PBXContainerItemProxy section */
		04FBBE32236357AE00D0EDDD /* PBXContainerItemProxy */ = {
			isa = PBXContainerItemProxy;
			containerPortal = 04DFE53B2354EADA00DF0F30 /* Project object */;
			proxyType = 1;
			remoteGlobalIDString = 04DFE5422354EADA00DF0F30;
			remoteInfo = Moneybox;
		};
/* End PBXContainerItemProxy section */

/* Begin PBXFileReference section */
		040E23E62362433A0003E6D2 /* Constants.swift */ = {isa = PBXFileReference; lastKnownFileType = sourcecode.swift; path = Constants.swift; sourceTree = "<group>"; };
		040FA38B2360E7BA00563D1E /* HttpRequestType.swift */ = {isa = PBXFileReference; lastKnownFileType = sourcecode.swift; path = HttpRequestType.swift; sourceTree = "<group>"; };
		040FA38D2360E8C500563D1E /* CustomError.swift */ = {isa = PBXFileReference; lastKnownFileType = sourcecode.swift; path = CustomError.swift; sourceTree = "<group>"; };
		040FA38F2360EA9300563D1E /* HttpResponse.swift */ = {isa = PBXFileReference; lastKnownFileType = sourcecode.swift; path = HttpResponse.swift; sourceTree = "<group>"; };
		040FA3912360EC0500563D1E /* RestEntity.swift */ = {isa = PBXFileReference; lastKnownFileType = sourcecode.swift; path = RestEntity.swift; sourceTree = "<group>"; };
		040FA3932360EE0800563D1E /* HttpResults.swift */ = {isa = PBXFileReference; lastKnownFileType = sourcecode.swift; path = HttpResults.swift; sourceTree = "<group>"; };
		040FA3952360F43C00563D1E /* LoginSuccess.swift */ = {isa = PBXFileReference; lastKnownFileType = sourcecode.swift; path = LoginSuccess.swift; sourceTree = "<group>"; };
		040FA3972360F51800563D1E /* InvestorProducts.swift */ = {isa = PBXFileReference; lastKnownFileType = sourcecode.swift; path = InvestorProducts.swift; sourceTree = "<group>"; };
		040FA3992360F53300563D1E /* Moneybox.swift */ = {isa = PBXFileReference; lastKnownFileType = sourcecode.swift; path = Moneybox.swift; sourceTree = "<group>"; };
		04AB44BD2358FCEE0044B7EA /* ProductViewController.swift */ = {isa = PBXFileReference; lastKnownFileType = sourcecode.swift; path = ProductViewController.swift; sourceTree = "<group>"; };
		04CECCBD236341550027D6B2 /* DecodeUtil.swift */ = {isa = PBXFileReference; lastKnownFileType = sourcecode.swift; path = DecodeUtil.swift; sourceTree = "<group>"; };
		04DFE5432354EADA00DF0F30 /* Moneybox.app */ = {isa = PBXFileReference; explicitFileType = wrapper.application; includeInIndex = 0; path = Moneybox.app; sourceTree = BUILT_PRODUCTS_DIR; };
		04DFE5462354EADA00DF0F30 /* AppDelegate.swift */ = {isa = PBXFileReference; lastKnownFileType = sourcecode.swift; path = AppDelegate.swift; sourceTree = "<group>"; };
		04DFE5482354EADA00DF0F30 /* SceneDelegate.swift */ = {isa = PBXFileReference; lastKnownFileType = sourcecode.swift; path = SceneDelegate.swift; sourceTree = "<group>"; };
		04DFE54A2354EADA00DF0F30 /* LoginController.swift */ = {isa = PBXFileReference; lastKnownFileType = sourcecode.swift; path = LoginController.swift; sourceTree = "<group>"; };
		04DFE54D2354EADA00DF0F30 /* Base */ = {isa = PBXFileReference; lastKnownFileType = file.storyboard; name = Base; path = Base.lproj/Main.storyboard; sourceTree = "<group>"; };
		04DFE54F2354EADB00DF0F30 /* Assets.xcassets */ = {isa = PBXFileReference; lastKnownFileType = folder.assetcatalog; path = Assets.xcassets; sourceTree = "<group>"; };
		04DFE5522354EADB00DF0F30 /* Base */ = {isa = PBXFileReference; lastKnownFileType = file.storyboard; name = Base; path = Base.lproj/LaunchScreen.storyboard; sourceTree = "<group>"; };
		04DFE5542354EADB00DF0F30 /* Info.plist */ = {isa = PBXFileReference; lastKnownFileType = text.plist.xml; path = Info.plist; sourceTree = "<group>"; };
		04DFE55A2354EB9B00DF0F30 /* RestService.swift */ = {isa = PBXFileReference; lastKnownFileType = sourcecode.swift; path = RestService.swift; sourceTree = "<group>"; };
		04DFE55C2354FF7300DF0F30 /* ErrorMessage.swift */ = {isa = PBXFileReference; lastKnownFileType = sourcecode.swift; path = ErrorMessage.swift; sourceTree = "<group>"; };
		04F43668235788C300377BD4 /* ProductTableViewCell.swift */ = {isa = PBXFileReference; lastKnownFileType = sourcecode.swift; path = ProductTableViewCell.swift; sourceTree = "<group>"; };
		04F4366A235790EA00377BD4 /* ProductTableViewController.swift */ = {isa = PBXFileReference; lastKnownFileType = sourcecode.swift; path = ProductTableViewController.swift; sourceTree = "<group>"; };
		04FBBE2D236357AE00D0EDDD /* UnitTests.xctest */ = {isa = PBXFileReference; explicitFileType = wrapper.cfbundle; includeInIndex = 0; path = UnitTests.xctest; sourceTree = BUILT_PRODUCTS_DIR; };
		04FBBE2F236357AE00D0EDDD /* DecoderTests.swift */ = {isa = PBXFileReference; lastKnownFileType = sourcecode.swift; path = DecoderTests.swift; sourceTree = "<group>"; };
		04FBBE31236357AE00D0EDDD /* Info.plist */ = {isa = PBXFileReference; lastKnownFileType = text.plist.xml; path = Info.plist; sourceTree = "<group>"; };
		04FBBE3723635CC000D0EDDD /* HttpModels.swift */ = {isa = PBXFileReference; lastKnownFileType = sourcecode.swift; path = HttpModels.swift; sourceTree = "<group>"; };
		64C41288A401275766DD2EE1 /* Pods-Moneybox.release.xcconfig */ = {isa = PBXFileReference; includeInIndex = 1; lastKnownFileType = text.xcconfig; name = "Pods-Moneybox.release.xcconfig"; path = "Target Support Files/Pods-Moneybox/Pods-Moneybox.release.xcconfig"; sourceTree = "<group>"; };
		82F0CD9FFCF828824939798A /* Pods-Moneybox.debug.xcconfig */ = {isa = PBXFileReference; includeInIndex = 1; lastKnownFileType = text.xcconfig; name = "Pods-Moneybox.debug.xcconfig"; path = "Target Support Files/Pods-Moneybox/Pods-Moneybox.debug.xcconfig"; sourceTree = "<group>"; };
		99674677BF90DE5AC9DCE7A9 /* Pods_Moneybox.framework */ = {isa = PBXFileReference; explicitFileType = wrapper.framework; includeInIndex = 0; path = Pods_Moneybox.framework; sourceTree = BUILT_PRODUCTS_DIR; };
/* End PBXFileReference section */

/* Begin PBXFrameworksBuildPhase section */
		04DFE5402354EADA00DF0F30 /* Frameworks */ = {
			isa = PBXFrameworksBuildPhase;
			buildActionMask = 2147483647;
			files = (
				834244DEE5FC1832C9F2CC38 /* Pods_Moneybox.framework in Frameworks */,
			);
			runOnlyForDeploymentPostprocessing = 0;
		};
		04FBBE2A236357AE00D0EDDD /* Frameworks */ = {
			isa = PBXFrameworksBuildPhase;
			buildActionMask = 2147483647;
			files = (
			);
			runOnlyForDeploymentPostprocessing = 0;
		};
/* End PBXFrameworksBuildPhase section */

/* Begin PBXGroup section */
		040E23E8236253880003E6D2 /* Decoders */ = {
			isa = PBXGroup;
			children = (
				04DFE55C2354FF7300DF0F30 /* ErrorMessage.swift */,
				040FA3952360F43C00563D1E /* LoginSuccess.swift */,
				040FA3972360F51800563D1E /* InvestorProducts.swift */,
				040FA3992360F53300563D1E /* Moneybox.swift */,
			);
			path = Decoders;
			sourceTree = "<group>";
		};
		04CECCBB23633CB70027D6B2 /* Services */ = {
			isa = PBXGroup;
			children = (
				04DFE55A2354EB9B00DF0F30 /* RestService.swift */,
				04CECCBD236341550027D6B2 /* DecodeUtil.swift */,
			);
			path = Services;
			sourceTree = "<group>";
		};
		04DFE53A2354EADA00DF0F30 = {
			isa = PBXGroup;
			children = (
				04DFE5452354EADA00DF0F30 /* Moneybox */,
				04FBBE2E236357AE00D0EDDD /* UnitTests */,
				04DFE5442354EADA00DF0F30 /* Products */,
				70E43B01848351285120E904 /* Pods */,
				B250BB3A16B7A90688DE0051 /* Frameworks */,
			);
			sourceTree = "<group>";
		};
		04DFE5442354EADA00DF0F30 /* Products */ = {
			isa = PBXGroup;
			children = (
				04DFE5432354EADA00DF0F30 /* Moneybox.app */,
				04FBBE2D236357AE00D0EDDD /* UnitTests.xctest */,
			);
			name = Products;
			sourceTree = "<group>";
		};
		04DFE5452354EADA00DF0F30 /* Moneybox */ = {
			isa = PBXGroup;
			children = (
				04DFE5462354EADA00DF0F30 /* AppDelegate.swift */,
				04DFE5482354EADA00DF0F30 /* SceneDelegate.swift */,
				04DFE54F2354EADB00DF0F30 /* Assets.xcassets */,
				04DFE5542354EADB00DF0F30 /* Info.plist */,
				04CECCBB23633CB70027D6B2 /* Services */,
				04F43661235785D500377BD4 /* Controllers */,
				04F436632357863000377BD4 /* Storyboards */,
				04F436622357862400377BD4 /* Models */,
			);
			path = Moneybox;
			sourceTree = "<group>";
		};
		04F43661235785D500377BD4 /* Controllers */ = {
			isa = PBXGroup;
			children = (
				04F43668235788C300377BD4 /* ProductTableViewCell.swift */,
				04F4366A235790EA00377BD4 /* ProductTableViewController.swift */,
				04DFE54A2354EADA00DF0F30 /* LoginController.swift */,
				04AB44BD2358FCEE0044B7EA /* ProductViewController.swift */,
			);
			path = Controllers;
			sourceTree = "<group>";
		};
		04F436622357862400377BD4 /* Models */ = {
			isa = PBXGroup;
			children = (
				040E23E8236253880003E6D2 /* Decoders */,
				040FA38B2360E7BA00563D1E /* HttpRequestType.swift */,
				040FA38D2360E8C500563D1E /* CustomError.swift */,
				040FA38F2360EA9300563D1E /* HttpResponse.swift */,
				040FA3912360EC0500563D1E /* RestEntity.swift */,
				040FA3932360EE0800563D1E /* HttpResults.swift */,
				040E23E62362433A0003E6D2 /* Constants.swift */,
			);
			path = Models;
			sourceTree = "<group>";
		};
		04F436632357863000377BD4 /* Storyboards */ = {
			isa = PBXGroup;
			children = (
				04DFE54C2354EADA00DF0F30 /* Main.storyboard */,
				04DFE5512354EADB00DF0F30 /* LaunchScreen.storyboard */,
			);
			path = Storyboards;
			sourceTree = "<group>";
		};
		04FBBE2E236357AE00D0EDDD /* UnitTests */ = {
			isa = PBXGroup;
			children = (
				04FBBE3C2363A8AF00D0EDDD /* Builders */,
				04FBBE2F236357AE00D0EDDD /* DecoderTests.swift */,
				04FBBE3723635CC000D0EDDD /* HttpModels.swift */,
				04FBBE31236357AE00D0EDDD /* Info.plist */,
			);
			path = UnitTests;
			sourceTree = "<group>";
		};
		04FBBE3C2363A8AF00D0EDDD /* Builders */ = {
			isa = PBXGroup;
			children = (
			);
			path = Builders;
			sourceTree = "<group>";
		};
		70E43B01848351285120E904 /* Pods */ = {
			isa = PBXGroup;
			children = (
				82F0CD9FFCF828824939798A /* Pods-Moneybox.debug.xcconfig */,
				64C41288A401275766DD2EE1 /* Pods-Moneybox.release.xcconfig */,
			);
			name = Pods;
			path = Pods;
			sourceTree = "<group>";
		};
		B250BB3A16B7A90688DE0051 /* Frameworks */ = {
			isa = PBXGroup;
			children = (
				99674677BF90DE5AC9DCE7A9 /* Pods_Moneybox.framework */,
			);
			name = Frameworks;
			sourceTree = "<group>";
		};
/* End PBXGroup section */

/* Begin PBXNativeTarget section */
		04DFE5422354EADA00DF0F30 /* Moneybox */ = {
			isa = PBXNativeTarget;
			buildConfigurationList = 04DFE5572354EADB00DF0F30 /* Build configuration list for PBXNativeTarget "Moneybox" */;
			buildPhases = (
				8A7EE990848192A236640F26 /* [CP] Check Pods Manifest.lock */,
				04DFE53F2354EADA00DF0F30 /* Sources */,
				04DFE5402354EADA00DF0F30 /* Frameworks */,
				04DFE5412354EADA00DF0F30 /* Resources */,
				AC5750427E7CF4FE964EE3E9 /* [CP] Embed Pods Frameworks */,
			);
			buildRules = (
			);
			dependencies = (
			);
			name = Moneybox;
			productName = Moneybox;
			productReference = 04DFE5432354EADA00DF0F30 /* Moneybox.app */;
			productType = "com.apple.product-type.application";
		};
		04FBBE2C236357AE00D0EDDD /* UnitTests */ = {
			isa = PBXNativeTarget;
			buildConfigurationList = 04FBBE36236357AE00D0EDDD /* Build configuration list for PBXNativeTarget "UnitTests" */;
			buildPhases = (
				04FBBE29236357AE00D0EDDD /* Sources */,
				04FBBE2A236357AE00D0EDDD /* Frameworks */,
				04FBBE2B236357AE00D0EDDD /* Resources */,
			);
			buildRules = (
			);
			dependencies = (
				04FBBE33236357AE00D0EDDD /* PBXTargetDependency */,
			);
			name = UnitTests;
			productName = UnitTests;
			productReference = 04FBBE2D236357AE00D0EDDD /* UnitTests.xctest */;
			productType = "com.apple.product-type.bundle.unit-test";
		};
/* End PBXNativeTarget section */

/* Begin PBXProject section */
		04DFE53B2354EADA00DF0F30 /* Project object */ = {
			isa = PBXProject;
			attributes = {
				LastSwiftUpdateCheck = 1110;
				LastUpgradeCheck = 1110;
				ORGANIZATIONNAME = Organisation;
				TargetAttributes = {
					04DFE5422354EADA00DF0F30 = {
						CreatedOnToolsVersion = 11.1;
					};
					04FBBE2C236357AE00D0EDDD = {
						CreatedOnToolsVersion = 11.1;
						TestTargetID = 04DFE5422354EADA00DF0F30;
					};
				};
			};
			buildConfigurationList = 04DFE53E2354EADA00DF0F30 /* Build configuration list for PBXProject "Moneybox" */;
			compatibilityVersion = "Xcode 9.3";
			developmentRegion = en;
			hasScannedForEncodings = 0;
			knownRegions = (
				en,
				Base,
			);
			mainGroup = 04DFE53A2354EADA00DF0F30;
			productRefGroup = 04DFE5442354EADA00DF0F30 /* Products */;
			projectDirPath = "";
			projectRoot = "";
			targets = (
				04DFE5422354EADA00DF0F30 /* Moneybox */,
				04FBBE2C236357AE00D0EDDD /* UnitTests */,
			);
		};
/* End PBXProject section */

/* Begin PBXResourcesBuildPhase section */
		04DFE5412354EADA00DF0F30 /* Resources */ = {
			isa = PBXResourcesBuildPhase;
			buildActionMask = 2147483647;
			files = (
				04DFE5532354EADB00DF0F30 /* LaunchScreen.storyboard in Resources */,
				04DFE5502354EADB00DF0F30 /* Assets.xcassets in Resources */,
				04DFE54E2354EADA00DF0F30 /* Main.storyboard in Resources */,
			);
			runOnlyForDeploymentPostprocessing = 0;
		};
		04FBBE2B236357AE00D0EDDD /* Resources */ = {
			isa = PBXResourcesBuildPhase;
			buildActionMask = 2147483647;
			files = (
			);
			runOnlyForDeploymentPostprocessing = 0;
		};
/* End PBXResourcesBuildPhase section */

/* Begin PBXShellScriptBuildPhase section */
		8A7EE990848192A236640F26 /* [CP] Check Pods Manifest.lock */ = {
			isa = PBXShellScriptBuildPhase;
			buildActionMask = 2147483647;
			files = (
			);
			inputFileListPaths = (
			);
			inputPaths = (
				"${PODS_PODFILE_DIR_PATH}/Podfile.lock",
				"${PODS_ROOT}/Manifest.lock",
			);
			name = "[CP] Check Pods Manifest.lock";
			outputFileListPaths = (
			);
			outputPaths = (
				"$(DERIVED_FILE_DIR)/Pods-Moneybox-checkManifestLockResult.txt",
			);
			runOnlyForDeploymentPostprocessing = 0;
			shellPath = /bin/sh;
			shellScript = "diff \"${PODS_PODFILE_DIR_PATH}/Podfile.lock\" \"${PODS_ROOT}/Manifest.lock\" > /dev/null\nif [ $? != 0 ] ; then\n    # print error to STDERR\n    echo \"error: The sandbox is not in sync with the Podfile.lock. Run 'pod install' or update your CocoaPods installation.\" >&2\n    exit 1\nfi\n# This output is used by Xcode 'outputs' to avoid re-running this script phase.\necho \"SUCCESS\" > \"${SCRIPT_OUTPUT_FILE_0}\"\n";
			showEnvVarsInLog = 0;
		};
		AC5750427E7CF4FE964EE3E9 /* [CP] Embed Pods Frameworks */ = {
			isa = PBXShellScriptBuildPhase;
			buildActionMask = 2147483647;
			files = (
			);
			inputFileListPaths = (
				"${PODS_ROOT}/Target Support Files/Pods-Moneybox/Pods-Moneybox-frameworks-${CONFIGURATION}-input-files.xcfilelist",
			);
			name = "[CP] Embed Pods Frameworks";
			outputFileListPaths = (
				"${PODS_ROOT}/Target Support Files/Pods-Moneybox/Pods-Moneybox-frameworks-${CONFIGURATION}-output-files.xcfilelist",
			);
			runOnlyForDeploymentPostprocessing = 0;
			shellPath = /bin/sh;
			shellScript = "\"${PODS_ROOT}/Target Support Files/Pods-Moneybox/Pods-Moneybox-frameworks.sh\"\n";
			showEnvVarsInLog = 0;
		};
/* End PBXShellScriptBuildPhase section */

/* Begin PBXSourcesBuildPhase section */
		04DFE53F2354EADA00DF0F30 /* Sources */ = {
			isa = PBXSourcesBuildPhase;
			buildActionMask = 2147483647;
			files = (
				04DFE55D2354FF7300DF0F30 /* ErrorMessage.swift in Sources */,
				040E23E72362433A0003E6D2 /* Constants.swift in Sources */,
				040FA3962360F43C00563D1E /* LoginSuccess.swift in Sources */,
				04DFE54B2354EADA00DF0F30 /* LoginController.swift in Sources */,
				040FA38C2360E7BA00563D1E /* HttpRequestType.swift in Sources */,
				04DFE55B2354EB9B00DF0F30 /* RestService.swift in Sources */,
				04DFE5472354EADA00DF0F30 /* AppDelegate.swift in Sources */,
				04CECCBE236341550027D6B2 /* DecodeUtil.swift in Sources */,
				040FA38E2360E8C500563D1E /* CustomError.swift in Sources */,
				040FA3942360EE0800563D1E /* HttpResults.swift in Sources */,
				04DFE5492354EADA00DF0F30 /* SceneDelegate.swift in Sources */,
				04AB44BE2358FCEE0044B7EA /* ProductViewController.swift in Sources */,
				040FA39A2360F53300563D1E /* Moneybox.swift in Sources */,
				040FA3902360EA9300563D1E /* HttpResponse.swift in Sources */,
				040FA3982360F51800563D1E /* InvestorProducts.swift in Sources */,
				04F4366B235790EA00377BD4 /* ProductTableViewController.swift in Sources */,
				040FA3922360EC0500563D1E /* RestEntity.swift in Sources */,
				04F43669235788C300377BD4 /* ProductTableViewCell.swift in Sources */,
			);
			runOnlyForDeploymentPostprocessing = 0;
		};
		04FBBE29236357AE00D0EDDD /* Sources */ = {
			isa = PBXSourcesBuildPhase;
			buildActionMask = 2147483647;
			files = (
				04FBBE30236357AE00D0EDDD /* DecoderTests.swift in Sources */,
				04FBBE3823635CC000D0EDDD /* HttpModels.swift in Sources */,
			);
			runOnlyForDeploymentPostprocessing = 0;
		};
/* End PBXSourcesBuildPhase section */

/* Begin PBXTargetDependency section */
		04FBBE33236357AE00D0EDDD /* PBXTargetDependency */ = {
			isa = PBXTargetDependency;
			target = 04DFE5422354EADA00DF0F30 /* Moneybox */;
			targetProxy = 04FBBE32236357AE00D0EDDD /* PBXContainerItemProxy */;
		};
/* End PBXTargetDependency section */

/* Begin PBXVariantGroup section */
		04DFE54C2354EADA00DF0F30 /* Main.storyboard */ = {
			isa = PBXVariantGroup;
			children = (
				04DFE54D2354EADA00DF0F30 /* Base */,
			);
			name = Main.storyboard;
			sourceTree = "<group>";
		};
		04DFE5512354EADB00DF0F30 /* LaunchScreen.storyboard */ = {
			isa = PBXVariantGroup;
			children = (
				04DFE5522354EADB00DF0F30 /* Base */,
			);
			name = LaunchScreen.storyboard;
			sourceTree = "<group>";
		};
/* End PBXVariantGroup section */

/* Begin XCBuildConfiguration section */
		04DFE5552354EADB00DF0F30 /* Debug */ = {
			isa = XCBuildConfiguration;
			buildSettings = {
				ALWAYS_SEARCH_USER_PATHS = NO;
				CLANG_ANALYZER_NONNULL = YES;
				CLANG_ANALYZER_NUMBER_OBJECT_CONVERSION = YES_AGGRESSIVE;
				CLANG_CXX_LANGUAGE_STANDARD = "gnu++14";
				CLANG_CXX_LIBRARY = "libc++";
				CLANG_ENABLE_MODULES = YES;
				CLANG_ENABLE_OBJC_ARC = YES;
				CLANG_ENABLE_OBJC_WEAK = YES;
				CLANG_WARN_BLOCK_CAPTURE_AUTORELEASING = YES;
				CLANG_WARN_BOOL_CONVERSION = YES;
				CLANG_WARN_COMMA = YES;
				CLANG_WARN_CONSTANT_CONVERSION = YES;
				CLANG_WARN_DEPRECATED_OBJC_IMPLEMENTATIONS = YES;
				CLANG_WARN_DIRECT_OBJC_ISA_USAGE = YES_ERROR;
				CLANG_WARN_DOCUMENTATION_COMMENTS = YES;
				CLANG_WARN_EMPTY_BODY = YES;
				CLANG_WARN_ENUM_CONVERSION = YES;
				CLANG_WARN_INFINITE_RECURSION = YES;
				CLANG_WARN_INT_CONVERSION = YES;
				CLANG_WARN_NON_LITERAL_NULL_CONVERSION = YES;
				CLANG_WARN_OBJC_IMPLICIT_RETAIN_SELF = YES;
				CLANG_WARN_OBJC_LITERAL_CONVERSION = YES;
				CLANG_WARN_OBJC_ROOT_CLASS = YES_ERROR;
				CLANG_WARN_RANGE_LOOP_ANALYSIS = YES;
				CLANG_WARN_STRICT_PROTOTYPES = YES;
				CLANG_WARN_SUSPICIOUS_MOVE = YES;
				CLANG_WARN_UNGUARDED_AVAILABILITY = YES_AGGRESSIVE;
				CLANG_WARN_UNREACHABLE_CODE = YES;
				CLANG_WARN__DUPLICATE_METHOD_MATCH = YES;
				COPY_PHASE_STRIP = NO;
				DEBUG_INFORMATION_FORMAT = dwarf;
				ENABLE_STRICT_OBJC_MSGSEND = YES;
				ENABLE_TESTABILITY = YES;
				GCC_C_LANGUAGE_STANDARD = gnu11;
				GCC_DYNAMIC_NO_PIC = NO;
				GCC_NO_COMMON_BLOCKS = YES;
				GCC_OPTIMIZATION_LEVEL = 0;
				GCC_PREPROCESSOR_DEFINITIONS = (
					"DEBUG=1",
					"$(inherited)",
				);
				GCC_WARN_64_TO_32_BIT_CONVERSION = YES;
				GCC_WARN_ABOUT_RETURN_TYPE = YES_ERROR;
				GCC_WARN_UNDECLARED_SELECTOR = YES;
				GCC_WARN_UNINITIALIZED_AUTOS = YES_AGGRESSIVE;
				GCC_WARN_UNUSED_FUNCTION = YES;
				GCC_WARN_UNUSED_VARIABLE = YES;
				IPHONEOS_DEPLOYMENT_TARGET = 13.1;
				MTL_ENABLE_DEBUG_INFO = INCLUDE_SOURCE;
				MTL_FAST_MATH = YES;
				ONLY_ACTIVE_ARCH = YES;
				SDKROOT = iphoneos;
				SWIFT_ACTIVE_COMPILATION_CONDITIONS = DEBUG;
				SWIFT_OPTIMIZATION_LEVEL = "-Onone";
			};
			name = Debug;
		};
		04DFE5562354EADB00DF0F30 /* Release */ = {
			isa = XCBuildConfiguration;
			buildSettings = {
				ALWAYS_SEARCH_USER_PATHS = NO;
				CLANG_ANALYZER_NONNULL = YES;
				CLANG_ANALYZER_NUMBER_OBJECT_CONVERSION = YES_AGGRESSIVE;
				CLANG_CXX_LANGUAGE_STANDARD = "gnu++14";
				CLANG_CXX_LIBRARY = "libc++";
				CLANG_ENABLE_MODULES = YES;
				CLANG_ENABLE_OBJC_ARC = YES;
				CLANG_ENABLE_OBJC_WEAK = YES;
				CLANG_WARN_BLOCK_CAPTURE_AUTORELEASING = YES;
				CLANG_WARN_BOOL_CONVERSION = YES;
				CLANG_WARN_COMMA = YES;
				CLANG_WARN_CONSTANT_CONVERSION = YES;
				CLANG_WARN_DEPRECATED_OBJC_IMPLEMENTATIONS = YES;
				CLANG_WARN_DIRECT_OBJC_ISA_USAGE = YES_ERROR;
				CLANG_WARN_DOCUMENTATION_COMMENTS = YES;
				CLANG_WARN_EMPTY_BODY = YES;
				CLANG_WARN_ENUM_CONVERSION = YES;
				CLANG_WARN_INFINITE_RECURSION = YES;
				CLANG_WARN_INT_CONVERSION = YES;
				CLANG_WARN_NON_LITERAL_NULL_CONVERSION = YES;
				CLANG_WARN_OBJC_IMPLICIT_RETAIN_SELF = YES;
				CLANG_WARN_OBJC_LITERAL_CONVERSION = YES;
				CLANG_WARN_OBJC_ROOT_CLASS = YES_ERROR;
				CLANG_WARN_RANGE_LOOP_ANALYSIS = YES;
				CLANG_WARN_STRICT_PROTOTYPES = YES;
				CLANG_WARN_SUSPICIOUS_MOVE = YES;
				CLANG_WARN_UNGUARDED_AVAILABILITY = YES_AGGRESSIVE;
				CLANG_WARN_UNREACHABLE_CODE = YES;
				CLANG_WARN__DUPLICATE_METHOD_MATCH = YES;
				COPY_PHASE_STRIP = NO;
				DEBUG_INFORMATION_FORMAT = "dwarf-with-dsym";
				ENABLE_NS_ASSERTIONS = NO;
				ENABLE_STRICT_OBJC_MSGSEND = YES;
				GCC_C_LANGUAGE_STANDARD = gnu11;
				GCC_NO_COMMON_BLOCKS = YES;
				GCC_WARN_64_TO_32_BIT_CONVERSION = YES;
				GCC_WARN_ABOUT_RETURN_TYPE = YES_ERROR;
				GCC_WARN_UNDECLARED_SELECTOR = YES;
				GCC_WARN_UNINITIALIZED_AUTOS = YES_AGGRESSIVE;
				GCC_WARN_UNUSED_FUNCTION = YES;
				GCC_WARN_UNUSED_VARIABLE = YES;
				IPHONEOS_DEPLOYMENT_TARGET = 13.1;
				MTL_ENABLE_DEBUG_INFO = NO;
				MTL_FAST_MATH = YES;
				SDKROOT = iphoneos;
				SWIFT_COMPILATION_MODE = wholemodule;
				SWIFT_OPTIMIZATION_LEVEL = "-O";
				VALIDATE_PRODUCT = YES;
			};
			name = Release;
		};
		04DFE5582354EADB00DF0F30 /* Debug */ = {
			isa = XCBuildConfiguration;
			baseConfigurationReference = 82F0CD9FFCF828824939798A /* Pods-Moneybox.debug.xcconfig */;
			buildSettings = {
				ASSETCATALOG_COMPILER_APPICON_NAME = AppIcon;
				CODE_SIGN_STYLE = Automatic;
				DEVELOPMENT_TEAM = Q79HY7288P;
				INFOPLIST_FILE = Moneybox/Info.plist;
				LD_RUNPATH_SEARCH_PATHS = (
					"$(inherited)",
					"@executable_path/Frameworks",
				);
				PRODUCT_BUNDLE_IDENTIFIER = com.jackmunkonge.Moneybox;
				PRODUCT_NAME = "$(TARGET_NAME)";
				SWIFT_VERSION = 5.0;
				TARGETED_DEVICE_FAMILY = "1,2";
			};
			name = Debug;
		};
		04DFE5592354EADB00DF0F30 /* Release */ = {
			isa = XCBuildConfiguration;
			baseConfigurationReference = 64C41288A401275766DD2EE1 /* Pods-Moneybox.release.xcconfig */;
			buildSettings = {
				ASSETCATALOG_COMPILER_APPICON_NAME = AppIcon;
				CODE_SIGN_STYLE = Automatic;
				DEVELOPMENT_TEAM = Q79HY7288P;
				INFOPLIST_FILE = Moneybox/Info.plist;
				LD_RUNPATH_SEARCH_PATHS = (
					"$(inherited)",
					"@executable_path/Frameworks",
				);
				PRODUCT_BUNDLE_IDENTIFIER = com.jackmunkonge.Moneybox;
				PRODUCT_NAME = "$(TARGET_NAME)";
				SWIFT_VERSION = 5.0;
				TARGETED_DEVICE_FAMILY = "1,2";
			};
			name = Release;
		};
		04FBBE34236357AE00D0EDDD /* Debug */ = {
			isa = XCBuildConfiguration;
			buildSettings = {
				BUNDLE_LOADER = "$(TEST_HOST)";
				CODE_SIGN_STYLE = Automatic;
				DEVELOPMENT_TEAM = Q79HY7288P;
				INFOPLIST_FILE = UnitTests/Info.plist;
				LD_RUNPATH_SEARCH_PATHS = (
					"$(inherited)",
					"@executable_path/Frameworks",
					"@loader_path/Frameworks",
				);
				PRODUCT_BUNDLE_IDENTIFIER = com.jackmunkonge.UnitTests;
				PRODUCT_NAME = "$(TARGET_NAME)";
				SWIFT_VERSION = 5.0;
				TARGETED_DEVICE_FAMILY = "1,2";
				TEST_HOST = "$(BUILT_PRODUCTS_DIR)/Moneybox.app/Moneybox";
			};
			name = Debug;
		};
		04FBBE35236357AE00D0EDDD /* Release */ = {
			isa = XCBuildConfiguration;
			buildSettings = {
				BUNDLE_LOADER = "$(TEST_HOST)";
				CODE_SIGN_STYLE = Automatic;
				DEVELOPMENT_TEAM = Q79HY7288P;
				INFOPLIST_FILE = UnitTests/Info.plist;
				LD_RUNPATH_SEARCH_PATHS = (
					"$(inherited)",
					"@executable_path/Frameworks",
					"@loader_path/Frameworks",
				);
				PRODUCT_BUNDLE_IDENTIFIER = com.jackmunkonge.UnitTests;
				PRODUCT_NAME = "$(TARGET_NAME)";
				SWIFT_VERSION = 5.0;
				TARGETED_DEVICE_FAMILY = "1,2";
				TEST_HOST = "$(BUILT_PRODUCTS_DIR)/Moneybox.app/Moneybox";
			};
			name = Release;
		};
/* End XCBuildConfiguration section */

/* Begin XCConfigurationList section */
		04DFE53E2354EADA00DF0F30 /* Build configuration list for PBXProject "Moneybox" */ = {
			isa = XCConfigurationList;
			buildConfigurations = (
				04DFE5552354EADB00DF0F30 /* Debug */,
				04DFE5562354EADB00DF0F30 /* Release */,
			);
			defaultConfigurationIsVisible = 0;
			defaultConfigurationName = Release;
		};
		04DFE5572354EADB00DF0F30 /* Build configuration list for PBXNativeTarget "Moneybox" */ = {
			isa = XCConfigurationList;
			buildConfigurations = (
				04DFE5582354EADB00DF0F30 /* Debug */,
				04DFE5592354EADB00DF0F30 /* Release */,
			);
			defaultConfigurationIsVisible = 0;
			defaultConfigurationName = Release;
		};
		04FBBE36236357AE00D0EDDD /* Build configuration list for PBXNativeTarget "UnitTests" */ = {
			isa = XCConfigurationList;
			buildConfigurations = (
				04FBBE34236357AE00D0EDDD /* Debug */,
				04FBBE35236357AE00D0EDDD /* Release */,
			);
			defaultConfigurationIsVisible = 0;
			defaultConfigurationName = Release;
		};
/* End XCConfigurationList section */
	};
	rootObject = 04DFE53B2354EADA00DF0F30 /* Project object */;
}
